
Microsoft Visual Studio Solution File, Format Version 12.00
# Visual Studio 15
VisualStudioVersion = 15.0.27130.2010
MinimumVisualStudioVersion = 10.0.40219.1
Project("{9A19103F-16F7-4668-BE54-9A1E7A4F7556}") = "WebApi", "WebApi\WebApi.csproj", "{AE099E25-427E-4209-ADF1-E79DA2322DAE}"
EndProject
Project("{2150E333-8FDC-42A3-9474-1A3956D46DE8}") = "Services", "Services", "{7B4F573F-C585-4AD2-AFD4-11E5B9DC271C}"
EndProject
Project("{2150E333-8FDC-42A3-9474-1A3956D46DE8}") = "Datas", "Datas", "{006B644A-CDCC-4781-B730-01A3A682C1BE}"
EndProject
Project("{9A19103F-16F7-4668-BE54-9A1E7A4F7556}") = "MasterData", "MasterData\MasterData.csproj", "{2ED2CF0E-A394-42BF-9E81-AF704E39DD22}"
EndProject
Project("{FAE04EC0-301F-11D3-BF4B-00C04F79EFBC}") = "TradingService", "TradingService\TradingService.csproj", "{C882285B-13A9-4E15-8A7B-9B537AC997D6}"
EndProject
Project("{FAE04EC0-301F-11D3-BF4B-00C04F79EFBC}") = "MasterDotnetFrameworkData", "MasterDotnetFrameworkData\MasterDotnetFrameworkData.csproj", "{1C3407F6-74B8-4BF6-BDF5-E67BBA8FEF4F}"
EndProject
Global
	GlobalSection(SolutionConfigurationPlatforms) = preSolution
		Debug|Any CPU = Debug|Any CPU
		Release|Any CPU = Release|Any CPU
	EndGlobalSection
	GlobalSection(ProjectConfigurationPlatforms) = postSolution
		{AE099E25-427E-4209-ADF1-E79DA2322DAE}.Debug|Any CPU.ActiveCfg = Debug|Any CPU
		{AE099E25-427E-4209-ADF1-E79DA2322DAE}.Debug|Any CPU.Build.0 = Debug|Any CPU
		{AE099E25-427E-4209-ADF1-E79DA2322DAE}.Release|Any CPU.ActiveCfg = Release|Any CPU
		{AE099E25-427E-4209-ADF1-E79DA2322DAE}.Release|Any CPU.Build.0 = Release|Any CPU
		{2ED2CF0E-A394-42BF-9E81-AF704E39DD22}.Debug|Any CPU.ActiveCfg = Debug|Any CPU
		{2ED2CF0E-A394-42BF-9E81-AF704E39DD22}.Debug|Any CPU.Build.0 = Debug|Any CPU
		{2ED2CF0E-A394-42BF-9E81-AF704E39DD22}.Release|Any CPU.ActiveCfg = Release|Any CPU
		{2ED2CF0E-A394-42BF-9E81-AF704E39DD22}.Release|Any CPU.Build.0 = Release|Any CPU
		{C882285B-13A9-4E15-8A7B-9B537AC997D6}.Debug|Any CPU.ActiveCfg = Debug|Any CPU
		{C882285B-13A9-4E15-8A7B-9B537AC997D6}.Debug|Any CPU.Build.0 = Debug|Any CPU
		{C882285B-13A9-4E15-8A7B-9B537AC997D6}.Release|Any CPU.ActiveCfg = Release|Any CPU
		{C882285B-13A9-4E15-8A7B-9B537AC997D6}.Release|Any CPU.Build.0 = Release|Any CPU
		{1C3407F6-74B8-4BF6-BDF5-E67BBA8FEF4F}.Debug|Any CPU.ActiveCfg = Debug|Any CPU
		{1C3407F6-74B8-4BF6-BDF5-E67BBA8FEF4F}.Debug|Any CPU.Build.0 = Debug|Any CPU
		{1C3407F6-74B8-4BF6-BDF5-E67BBA8FEF4F}.Release|Any CPU.ActiveCfg = Release|Any CPU
		{1C3407F6-74B8-4BF6-BDF5-E67BBA8FEF4F}.Release|Any CPU.Build.0 = Release|Any CPU
	EndGlobalSection
	GlobalSection(SolutionProperties) = preSolution
		HideSolutionNode = FALSE
	EndGlobalSection
	GlobalSection(NestedProjects) = preSolution
		{2ED2CF0E-A394-42BF-9E81-AF704E39DD22} = {006B644A-CDCC-4781-B730-01A3A682C1BE}
		{C882285B-13A9-4E15-8A7B-9B537AC997D6} = {7B4F573F-C585-4AD2-AFD4-11E5B9DC271C}
		{1C3407F6-74B8-4BF6-BDF5-E67BBA8FEF4F} = {006B644A-CDCC-4781-B730-01A3A682C1BE}
	EndGlobalSection
	GlobalSection(ExtensibilityGlobals) = postSolution
		SolutionGuid = {43F4FDA1-4DFD-4711-971D-B09090A51158}
	EndGlobalSection
EndGlobal
